<<<<<<< HEAD
﻿
Microsoft Visual Studio Solution File, Format Version 12.00
# Visual Studio Version 16
VisualStudioVersion = 16.0.30011.22
MinimumVisualStudioVersion = 10.0.40219.1
Project("{8BC9CEB8-8B4A-11D0-8D11-00A0C91BC942}") = "SpecialeSolver", "SpecialeSolver\SpecialeSolver.vcxproj", "{97E87607-8601-46B3-9D5D-929F49DA5386}"
EndProject
Global
	GlobalSection(SolutionConfigurationPlatforms) = preSolution
		Debug|x64 = Debug|x64
		Debug|x86 = Debug|x86
		Release|x64 = Release|x64
		Release|x86 = Release|x86
	EndGlobalSection
	GlobalSection(ProjectConfigurationPlatforms) = postSolution
		{97E87607-8601-46B3-9D5D-929F49DA5386}.Debug|x64.ActiveCfg = Debug|x64
		{97E87607-8601-46B3-9D5D-929F49DA5386}.Debug|x64.Build.0 = Debug|x64
		{97E87607-8601-46B3-9D5D-929F49DA5386}.Debug|x86.ActiveCfg = Debug|Win32
		{97E87607-8601-46B3-9D5D-929F49DA5386}.Debug|x86.Build.0 = Debug|Win32
		{97E87607-8601-46B3-9D5D-929F49DA5386}.Release|x64.ActiveCfg = Release|x64
		{97E87607-8601-46B3-9D5D-929F49DA5386}.Release|x64.Build.0 = Release|x64
		{97E87607-8601-46B3-9D5D-929F49DA5386}.Release|x86.ActiveCfg = Release|Win32
		{97E87607-8601-46B3-9D5D-929F49DA5386}.Release|x86.Build.0 = Release|Win32
	EndGlobalSection
	GlobalSection(SolutionProperties) = preSolution
		HideSolutionNode = FALSE
	EndGlobalSection
	GlobalSection(ExtensibilityGlobals) = postSolution
		SolutionGuid = {C458BD3B-1922-448A-8709-512C07856022}
	EndGlobalSection
EndGlobal
=======
﻿
Microsoft Visual Studio Solution File, Format Version 12.00
# Visual Studio Version 16
VisualStudioVersion = 16.0.30011.22
MinimumVisualStudioVersion = 10.0.40219.1
Project("{8BC9CEB8-8B4A-11D0-8D11-00A0C91BC942}") = "SpecialeSolver", "SpecialeSolver\SpecialeSolver.vcxproj", "{97E87607-8601-46B3-9D5D-929F49DA5386}"
EndProject
Global
	GlobalSection(SolutionConfigurationPlatforms) = preSolution
		Debug|x64 = Debug|x64
		Debug|x86 = Debug|x86
		Release|x64 = Release|x64
		Release|x86 = Release|x86
	EndGlobalSection
	GlobalSection(ProjectConfigurationPlatforms) = postSolution
		{97E87607-8601-46B3-9D5D-929F49DA5386}.Debug|x64.ActiveCfg = Debug|x64
		{97E87607-8601-46B3-9D5D-929F49DA5386}.Debug|x64.Build.0 = Debug|x64
		{97E87607-8601-46B3-9D5D-929F49DA5386}.Debug|x86.ActiveCfg = Debug|Win32
		{97E87607-8601-46B3-9D5D-929F49DA5386}.Debug|x86.Build.0 = Debug|Win32
		{97E87607-8601-46B3-9D5D-929F49DA5386}.Release|x64.ActiveCfg = Release|x64
		{97E87607-8601-46B3-9D5D-929F49DA5386}.Release|x64.Build.0 = Release|x64
		{97E87607-8601-46B3-9D5D-929F49DA5386}.Release|x86.ActiveCfg = Release|Win32
		{97E87607-8601-46B3-9D5D-929F49DA5386}.Release|x86.Build.0 = Release|Win32
	EndGlobalSection
	GlobalSection(SolutionProperties) = preSolution
		HideSolutionNode = FALSE
	EndGlobalSection
	GlobalSection(ExtensibilityGlobals) = postSolution
		SolutionGuid = {C458BD3B-1922-448A-8709-512C07856022}
	EndGlobalSection
EndGlobal
>>>>>>> d4b670cdfb77d04736f7ace3b32f9eff2e27881a
